
Microsoft Visual Studio Solution File, Format Version 12.00
Project("{2150E333-8FDC-42A3-9474-1A3956D46DE8}") = "tests", "tests", "{B59A54FC-60CE-4B65-847A-E9732794EEB0}"
EndProject
Project("{2150E333-8FDC-42A3-9474-1A3956D46DE8}") = "src", "src", "{663323CE-9FB0-4F01-8CF0-8C129591E711}"
EndProject
Project("{FAE04EC0-301F-11D3-BF4B-00C04F79EFBC}") = "Rst", "src\Rst\Rst.csproj", "{88EF15F6-41C8-4F19-A697-180BD902B630}"
EndProject
Project("{FAE04EC0-301F-11D3-BF4B-00C04F79EFBC}") = "Rst.Tests.StateMachine.Button", "tests\Rst.Tests.StateMachine.Button\Rst.Tests.StateMachine.Button.csproj", "{DC7FA73F-3D59-4863-AE59-B5B6A4CAB6F5}"
EndProject
Project("{FAE04EC0-301F-11D3-BF4B-00C04F79EFBC}") = "Rst.Gen", "src\Rst.Gen\Rst.Gen.csproj", "{B40EDA5F-25D5-4B96-A56E-8D6D84846F86}"
EndProject
Project("{FAE04EC0-301F-11D3-BF4B-00C04F79EFBC}") = "Rst.Stl", "src\Rst.Stl\Rst.Stl.csproj", "{155AAC68-EED9-4902-8C0A-8ED9D57E5F1B}"
EndProject
Project("{FAE04EC0-301F-11D3-BF4B-00C04F79EFBC}") = "Rst.Stl.Tests", "tests\Rst.Stl.Tests\Rst.Stl.Tests.csproj", "{54FFA5C8-E8AC-4673-81AB-C9CDADC69620}"
EndProject
Project("{2150E333-8FDC-42A3-9474-1A3956D46DE8}") = "bench", "bench", "{BE41635E-2DFF-40DE-ADD0-C1945E3979A1}"
EndProject
Project("{FAE04EC0-301F-11D3-BF4B-00C04F79EFBC}") = "Rst.Stl.Benchmark", "bench\Rst.Stl.Benchmark\Rst.Stl.Benchmark.csproj", "{6508562C-6BF5-487E-8DC1-13CA8172E498}"
EndProject
Project("{FAE04EC0-301F-11D3-BF4B-00C04F79EFBC}") = "Rst.Tests.StateMachine.Bot", "tests\Rst.Tests.StateMachine.Bot\Rst.Tests.StateMachine.Bot.csproj", "{BA77A99F-80BC-4A0A-BCED-9D8DB118AF05}"
EndProject
Project("{FAE04EC0-301F-11D3-BF4B-00C04F79EFBC}") = "Rst.Build.Utils", "src\Rst.Build.Utils\Rst.Build.Utils.csproj", "{BFA4D406-C7AC-4A22-BCD4-A201B3BEE3DE}"
EndProject
Project("{FAE04EC0-301F-11D3-BF4B-00C04F79EFBC}") = "Rst.Auth.Utils", "src\Rst.Auth.Utils\Rst.Auth.Utils.csproj", "{29A12B4B-87FB-449C-A7BF-8F6E3824361E}"
EndProject
Global
	GlobalSection(SolutionConfigurationPlatforms) = preSolution
		Debug|Any CPU = Debug|Any CPU
		Release|Any CPU = Release|Any CPU
	EndGlobalSection
	GlobalSection(ProjectConfigurationPlatforms) = postSolution
		{88EF15F6-41C8-4F19-A697-180BD902B630}.Debug|Any CPU.ActiveCfg = Debug|Any CPU
		{88EF15F6-41C8-4F19-A697-180BD902B630}.Debug|Any CPU.Build.0 = Debug|Any CPU
		{88EF15F6-41C8-4F19-A697-180BD902B630}.Release|Any CPU.ActiveCfg = Release|Any CPU
		{88EF15F6-41C8-4F19-A697-180BD902B630}.Release|Any CPU.Build.0 = Release|Any CPU
		{DC7FA73F-3D59-4863-AE59-B5B6A4CAB6F5}.Debug|Any CPU.ActiveCfg = Debug|Any CPU
		{DC7FA73F-3D59-4863-AE59-B5B6A4CAB6F5}.Debug|Any CPU.Build.0 = Debug|Any CPU
		{DC7FA73F-3D59-4863-AE59-B5B6A4CAB6F5}.Release|Any CPU.ActiveCfg = Release|Any CPU
		{DC7FA73F-3D59-4863-AE59-B5B6A4CAB6F5}.Release|Any CPU.Build.0 = Release|Any CPU
		{B40EDA5F-25D5-4B96-A56E-8D6D84846F86}.Debug|Any CPU.ActiveCfg = Debug|Any CPU
		{B40EDA5F-25D5-4B96-A56E-8D6D84846F86}.Debug|Any CPU.Build.0 = Debug|Any CPU
		{B40EDA5F-25D5-4B96-A56E-8D6D84846F86}.Release|Any CPU.ActiveCfg = Release|Any CPU
		{B40EDA5F-25D5-4B96-A56E-8D6D84846F86}.Release|Any CPU.Build.0 = Release|Any CPU
		{155AAC68-EED9-4902-8C0A-8ED9D57E5F1B}.Debug|Any CPU.ActiveCfg = Debug|Any CPU
		{155AAC68-EED9-4902-8C0A-8ED9D57E5F1B}.Debug|Any CPU.Build.0 = Debug|Any CPU
		{155AAC68-EED9-4902-8C0A-8ED9D57E5F1B}.Release|Any CPU.ActiveCfg = Release|Any CPU
		{155AAC68-EED9-4902-8C0A-8ED9D57E5F1B}.Release|Any CPU.Build.0 = Release|Any CPU
		{54FFA5C8-E8AC-4673-81AB-C9CDADC69620}.Debug|Any CPU.ActiveCfg = Debug|Any CPU
		{54FFA5C8-E8AC-4673-81AB-C9CDADC69620}.Debug|Any CPU.Build.0 = Debug|Any CPU
		{54FFA5C8-E8AC-4673-81AB-C9CDADC69620}.Release|Any CPU.ActiveCfg = Release|Any CPU
		{54FFA5C8-E8AC-4673-81AB-C9CDADC69620}.Release|Any CPU.Build.0 = Release|Any CPU
		{6508562C-6BF5-487E-8DC1-13CA8172E498}.Debug|Any CPU.ActiveCfg = Debug|Any CPU
		{6508562C-6BF5-487E-8DC1-13CA8172E498}.Debug|Any CPU.Build.0 = Debug|Any CPU
		{6508562C-6BF5-487E-8DC1-13CA8172E498}.Release|Any CPU.ActiveCfg = Release|Any CPU
		{6508562C-6BF5-487E-8DC1-13CA8172E498}.Release|Any CPU.Build.0 = Release|Any CPU
		{BA77A99F-80BC-4A0A-BCED-9D8DB118AF05}.Debug|Any CPU.ActiveCfg = Debug|Any CPU
		{BA77A99F-80BC-4A0A-BCED-9D8DB118AF05}.Debug|Any CPU.Build.0 = Debug|Any CPU
		{BA77A99F-80BC-4A0A-BCED-9D8DB118AF05}.Release|Any CPU.ActiveCfg = Release|Any CPU
		{BA77A99F-80BC-4A0A-BCED-9D8DB118AF05}.Release|Any CPU.Build.0 = Release|Any CPU
		{BFA4D406-C7AC-4A22-BCD4-A201B3BEE3DE}.Debug|Any CPU.ActiveCfg = Debug|Any CPU
		{BFA4D406-C7AC-4A22-BCD4-A201B3BEE3DE}.Debug|Any CPU.Build.0 = Debug|Any CPU
		{BFA4D406-C7AC-4A22-BCD4-A201B3BEE3DE}.Release|Any CPU.ActiveCfg = Release|Any CPU
		{BFA4D406-C7AC-4A22-BCD4-A201B3BEE3DE}.Release|Any CPU.Build.0 = Release|Any CPU
		{29A12B4B-87FB-449C-A7BF-8F6E3824361E}.Debug|Any CPU.ActiveCfg = Debug|Any CPU
		{29A12B4B-87FB-449C-A7BF-8F6E3824361E}.Debug|Any CPU.Build.0 = Debug|Any CPU
		{29A12B4B-87FB-449C-A7BF-8F6E3824361E}.Release|Any CPU.ActiveCfg = Release|Any CPU
		{29A12B4B-87FB-449C-A7BF-8F6E3824361E}.Release|Any CPU.Build.0 = Release|Any CPU
	EndGlobalSection
	GlobalSection(NestedProjects) = preSolution
		{88EF15F6-41C8-4F19-A697-180BD902B630} = {663323CE-9FB0-4F01-8CF0-8C129591E711}
		{DC7FA73F-3D59-4863-AE59-B5B6A4CAB6F5} = {B59A54FC-60CE-4B65-847A-E9732794EEB0}
		{B40EDA5F-25D5-4B96-A56E-8D6D84846F86} = {663323CE-9FB0-4F01-8CF0-8C129591E711}
		{155AAC68-EED9-4902-8C0A-8ED9D57E5F1B} = {663323CE-9FB0-4F01-8CF0-8C129591E711}
		{54FFA5C8-E8AC-4673-81AB-C9CDADC69620} = {B59A54FC-60CE-4B65-847A-E9732794EEB0}
		{6508562C-6BF5-487E-8DC1-13CA8172E498} = {BE41635E-2DFF-40DE-ADD0-C1945E3979A1}
		{BA77A99F-80BC-4A0A-BCED-9D8DB118AF05} = {B59A54FC-60CE-4B65-847A-E9732794EEB0}
		{BFA4D406-C7AC-4A22-BCD4-A201B3BEE3DE} = {663323CE-9FB0-4F01-8CF0-8C129591E711}
		{29A12B4B-87FB-449C-A7BF-8F6E3824361E} = {663323CE-9FB0-4F01-8CF0-8C129591E711}
	EndGlobalSection
EndGlobal
